
Microsoft Visual Studio Solution File, Format Version 12.00
# Visual Studio Version 16
VisualStudioVersion = 16.0.31129.286
MinimumVisualStudioVersion = 10.0.40219.1
Project("{FAE04EC0-301F-11D3-BF4B-00C04F79EFBC}") = "AdaYazilimTest", "AdaYazilimTest\AdaYazilimTest.csproj", "{9E380834-F7E0-4E5E-BE6D-EFF7BA5CFDDD}"
EndProject
Global
	GlobalSection(SolutionConfigurationPlatforms) = preSolution
		Debug|Any CPU = Debug|Any CPU
		Release|Any CPU = Release|Any CPU
	EndGlobalSection
	GlobalSection(ProjectConfigurationPlatforms) = postSolution
		{9E380834-F7E0-4E5E-BE6D-EFF7BA5CFDDD}.Debug|Any CPU.ActiveCfg = Debug|Any CPU
		{9E380834-F7E0-4E5E-BE6D-EFF7BA5CFDDD}.Debug|Any CPU.Build.0 = Debug|Any CPU
		{9E380834-F7E0-4E5E-BE6D-EFF7BA5CFDDD}.Release|Any CPU.ActiveCfg = Release|Any CPU
		{9E380834-F7E0-4E5E-BE6D-EFF7BA5CFDDD}.Release|Any CPU.Build.0 = Release|Any CPU
	EndGlobalSection
	GlobalSection(SolutionProperties) = preSolution
		HideSolutionNode = FALSE
	EndGlobalSection
	GlobalSection(ExtensibilityGlobals) = postSolution
		SolutionGuid = {EFEA6954-7328-4245-9BDA-151EECCC3BA0}
	EndGlobalSection
EndGlobal
